
Microsoft Visual Studio Solution File, Format Version 12.00
# Visual Studio 14
VisualStudioVersion = 14.0.23107.0
MinimumVisualStudioVersion = 10.0.40219.1
Project("{888888A0-9F3D-457C-B088-3A5042F75D52}") = "PythonApplication1", "PythonApplication1\PythonApplication1.pyproj", "{2EA41D5E-BD9E-40E3-A368-C1963CFB286F}"
EndProject
Project("{2150E333-8FDC-42A3-9474-1A3956D46DE8}") = "1. Intro", "1. Intro", "{10F06FB3-6F48-4320-9997-41D01DD17DAD}"
EndProject
Project("{2150E333-8FDC-42A3-9474-1A3956D46DE8}") = "2. Conditional Structures", "2. Conditional Structures", "{73EEA6AC-1EA1-445A-A93F-F699E4B3DECE}"
EndProject
Project("{888888A0-9F3D-457C-B088-3A5042F75D52}") = "IfAndWhileLoops", "PythonApplication2\IfAndWhileLoops.pyproj", "{69B06EFE-0797-4A3F-A0E9-F2A4A1A0AB74}"
EndProject
Project("{888888A0-9F3D-457C-B088-3A5042F75D52}") = "ForLoopsAndRandomNumbers", "ForLoopsAndRandomNumbers\ForLoopsAndRandomNumbers.pyproj", "{232D8DBD-E261-4016-A665-84BE35489629}"
EndProject
Project("{2150E333-8FDC-42A3-9474-1A3956D46DE8}") = "3. FunctionsAndExceptions", "3. FunctionsAndExceptions", "{42A58E84-70CD-4482-8203-1E4E9E371F00}"
EndProject
Project("{888888A0-9F3D-457C-B088-3A5042F75D52}") = "FunctionsAndPrintFormatting", "Functions\FunctionsAndPrintFormatting.pyproj", "{395E7767-0942-45DB-B9BA-5FD4B1D1BBDD}"
EndProject
Project("{888888A0-9F3D-457C-B088-3A5042F75D52}") = "ExceptionHandling", "ExceptionHandling\ExceptionHandling.pyproj", "{7C793D8B-3EAC-43D0-AEAF-E46B6F643D6A}"
EndProject
Project("{2150E333-8FDC-42A3-9474-1A3956D46DE8}") = "4. Lists", "4. Lists", "{BE21A8A2-706A-4B2A-96CE-68D4C7EF379A}"
EndProject
Project("{888888A0-9F3D-457C-B088-3A5042F75D52}") = "Lists", "Lists\Lists.pyproj", "{3DB317E6-9656-4D92-A3CD-AE396D1B1B8C}"
EndProject
Project("{888888A0-9F3D-457C-B088-3A5042F75D52}") = "MoreLists", "MoreLists\MoreLists.pyproj", "{5C15E90A-A4A0-428F-809D-BBC975E2235C}"
EndProject
Project("{888888A0-9F3D-457C-B088-3A5042F75D52}") = "MoreLists And Tuples", "MoreLists 2\MoreLists And Tuples.pyproj", "{865170D1-F8BA-4E6D-B517-FE40BCB4A9FB}"
EndProject
Project("{2150E333-8FDC-42A3-9474-1A3956D46DE8}") = "5. Dictionaries", "5. Dictionaries", "{51BDC67C-4F4F-4D88-9932-A116E7A3DFBD}"
EndProject
Project("{888888A0-9F3D-457C-B088-3A5042F75D52}") = "DictionariesAndDataStructuring", "DictionariesAndDataStructuring\DictionariesAndDataStructuring.pyproj", "{7284F9A7-F904-41C2-9034-D083023C61C8}"
EndProject
Project("{2150E333-8FDC-42A3-9474-1A3956D46DE8}") = "6. Manipulating Strings", "6. Manipulating Strings", "{768CCCF3-5475-4105-A14A-4D4C1DDC06F2}"
EndProject
Project("{888888A0-9F3D-457C-B088-3A5042F75D52}") = "Strings", "Strings\Strings.pyproj", "{34F0D64C-D4C6-4DD9-AFB4-951F041064BC}"
EndProject
Project("{888888A0-9F3D-457C-B088-3A5042F75D52}") = "Strings Advanced", "Strings Advanced\Strings Advanced.pyproj", "{578DD37A-1889-4A97-ADB1-96BDDCE6BC2F}"
EndProject
Project("{888888A0-9F3D-457C-B088-3A5042F75D52}") = "PicnicTable", "picnicTable.py\PicnicTable.pyproj", "{BA5AB927-A5BE-469C-A5BB-7BCF0B40CE43}"
EndProject
Project("{888888A0-9F3D-457C-B088-3A5042F75D52}") = "pw", "pw\pw.pyproj", "{DEB24FB5-2039-4290-9BF6-5383101A49EB}"
EndProject
Project("{888888A0-9F3D-457C-B088-3A5042F75D52}") = "bulletPointAdder", "bulletPointAdder\bulletPointAdder.pyproj", "{09FEC9FF-20DD-4383-BBAE-00EA972A5250}"
EndProject
Project("{2150E333-8FDC-42A3-9474-1A3956D46DE8}") = "Projects", "Projects", "{80215A6B-44CF-4377-95A4-78941015861C}"
EndProject
Project("{2150E333-8FDC-42A3-9474-1A3956D46DE8}") = "7. Regular Expressions", "7. Regular Expressions", "{930AF4B9-34E7-41EE-A2E1-454DAE93BFFB}"
EndProject
Project("{888888A0-9F3D-457C-B088-3A5042F75D52}") = "RegEx", "RegEx\RegEx.pyproj", "{02B8241A-1A80-4EB0-ABFE-55DC1E3E5C44}"
EndProject
Project("{2150E333-8FDC-42A3-9474-1A3956D46DE8}") = "Projects", "Projects", "{85F75088-0124-4FBE-881F-7599F092E239}"
EndProject
Project("{888888A0-9F3D-457C-B088-3A5042F75D52}") = "phoneAndEmail", "phoneAndEmail\phoneAndEmail.pyproj", "{1E8369F2-025D-481B-A4B2-DCC896C7A4F5}"
EndProject
Project("{2150E333-8FDC-42A3-9474-1A3956D46DE8}") = "8. Reading and Writing Files", "8. Reading and Writing Files", "{FB5F7445-40E3-4F37-B8F5-EB2A64184A33}"
EndProject
Project("{888888A0-9F3D-457C-B088-3A5042F75D52}") = "ReadingAndWritingFiles", "ReadingAndWritingFiles\ReadingAndWritingFiles.pyproj", "{42E75E3B-BD4F-4B73-9D9C-21219805F31B}"
EndProject
Project("{2150E333-8FDC-42A3-9474-1A3956D46DE8}") = "9. Organizing Files", "9. Organizing Files", "{06079A78-23DB-48B7-8388-9FF25B800BBE}"
EndProject
Project("{888888A0-9F3D-457C-B088-3A5042F75D52}") = "OrganizingFiles", "OrganizingFiles\OrganizingFiles.pyproj", "{05B0C7CB-A7D6-43AC-9AA0-0DC697AECB54}"
EndProject
Project("{2150E333-8FDC-42A3-9474-1A3956D46DE8}") = "My Tools", "My Tools", "{ED685B3B-5039-44E0-B959-D33FDF8A4709}"
EndProject
Project("{888888A0-9F3D-457C-B088-3A5042F75D52}") = "Grep", "Grep\Grep.pyproj", "{D3531A1B-0495-4CA3-9F42-ED662ECFB407}"
EndProject
Global
	GlobalSection(SolutionConfigurationPlatforms) = preSolution
		Debug|Any CPU = Debug|Any CPU
		Release|Any CPU = Release|Any CPU
	EndGlobalSection
	GlobalSection(ProjectConfigurationPlatforms) = postSolution
		{2EA41D5E-BD9E-40E3-A368-C1963CFB286F}.Debug|Any CPU.ActiveCfg = Debug|Any CPU
		{2EA41D5E-BD9E-40E3-A368-C1963CFB286F}.Release|Any CPU.ActiveCfg = Release|Any CPU
		{69B06EFE-0797-4A3F-A0E9-F2A4A1A0AB74}.Debug|Any CPU.ActiveCfg = Debug|Any CPU
		{69B06EFE-0797-4A3F-A0E9-F2A4A1A0AB74}.Release|Any CPU.ActiveCfg = Release|Any CPU
		{232D8DBD-E261-4016-A665-84BE35489629}.Debug|Any CPU.ActiveCfg = Debug|Any CPU
		{232D8DBD-E261-4016-A665-84BE35489629}.Release|Any CPU.ActiveCfg = Release|Any CPU
		{395E7767-0942-45DB-B9BA-5FD4B1D1BBDD}.Debug|Any CPU.ActiveCfg = Debug|Any CPU
		{395E7767-0942-45DB-B9BA-5FD4B1D1BBDD}.Release|Any CPU.ActiveCfg = Release|Any CPU
		{7C793D8B-3EAC-43D0-AEAF-E46B6F643D6A}.Debug|Any CPU.ActiveCfg = Debug|Any CPU
		{7C793D8B-3EAC-43D0-AEAF-E46B6F643D6A}.Release|Any CPU.ActiveCfg = Release|Any CPU
		{3DB317E6-9656-4D92-A3CD-AE396D1B1B8C}.Debug|Any CPU.ActiveCfg = Debug|Any CPU
		{3DB317E6-9656-4D92-A3CD-AE396D1B1B8C}.Release|Any CPU.ActiveCfg = Release|Any CPU
		{5C15E90A-A4A0-428F-809D-BBC975E2235C}.Debug|Any CPU.ActiveCfg = Debug|Any CPU
		{5C15E90A-A4A0-428F-809D-BBC975E2235C}.Release|Any CPU.ActiveCfg = Release|Any CPU
		{865170D1-F8BA-4E6D-B517-FE40BCB4A9FB}.Debug|Any CPU.ActiveCfg = Debug|Any CPU
		{865170D1-F8BA-4E6D-B517-FE40BCB4A9FB}.Release|Any CPU.ActiveCfg = Release|Any CPU
		{7284F9A7-F904-41C2-9034-D083023C61C8}.Debug|Any CPU.ActiveCfg = Debug|Any CPU
		{7284F9A7-F904-41C2-9034-D083023C61C8}.Release|Any CPU.ActiveCfg = Release|Any CPU
		{34F0D64C-D4C6-4DD9-AFB4-951F041064BC}.Debug|Any CPU.ActiveCfg = Debug|Any CPU
		{34F0D64C-D4C6-4DD9-AFB4-951F041064BC}.Release|Any CPU.ActiveCfg = Release|Any CPU
		{578DD37A-1889-4A97-ADB1-96BDDCE6BC2F}.Debug|Any CPU.ActiveCfg = Debug|Any CPU
		{578DD37A-1889-4A97-ADB1-96BDDCE6BC2F}.Release|Any CPU.ActiveCfg = Release|Any CPU
		{BA5AB927-A5BE-469C-A5BB-7BCF0B40CE43}.Debug|Any CPU.ActiveCfg = Debug|Any CPU
		{BA5AB927-A5BE-469C-A5BB-7BCF0B40CE43}.Release|Any CPU.ActiveCfg = Release|Any CPU
		{DEB24FB5-2039-4290-9BF6-5383101A49EB}.Debug|Any CPU.ActiveCfg = Debug|Any CPU
		{DEB24FB5-2039-4290-9BF6-5383101A49EB}.Release|Any CPU.ActiveCfg = Release|Any CPU
		{09FEC9FF-20DD-4383-BBAE-00EA972A5250}.Debug|Any CPU.ActiveCfg = Debug|Any CPU
		{09FEC9FF-20DD-4383-BBAE-00EA972A5250}.Release|Any CPU.ActiveCfg = Release|Any CPU
		{02B8241A-1A80-4EB0-ABFE-55DC1E3E5C44}.Debug|Any CPU.ActiveCfg = Debug|Any CPU
		{02B8241A-1A80-4EB0-ABFE-55DC1E3E5C44}.Release|Any CPU.ActiveCfg = Release|Any CPU
		{1E8369F2-025D-481B-A4B2-DCC896C7A4F5}.Debug|Any CPU.ActiveCfg = Debug|Any CPU
		{1E8369F2-025D-481B-A4B2-DCC896C7A4F5}.Release|Any CPU.ActiveCfg = Release|Any CPU
		{42E75E3B-BD4F-4B73-9D9C-21219805F31B}.Debug|Any CPU.ActiveCfg = Debug|Any CPU
		{42E75E3B-BD4F-4B73-9D9C-21219805F31B}.Release|Any CPU.ActiveCfg = Release|Any CPU
		{05B0C7CB-A7D6-43AC-9AA0-0DC697AECB54}.Debug|Any CPU.ActiveCfg = Debug|Any CPU
		{05B0C7CB-A7D6-43AC-9AA0-0DC697AECB54}.Release|Any CPU.ActiveCfg = Release|Any CPU
		{D3531A1B-0495-4CA3-9F42-ED662ECFB407}.Debug|Any CPU.ActiveCfg = Debug|Any CPU
		{D3531A1B-0495-4CA3-9F42-ED662ECFB407}.Release|Any CPU.ActiveCfg = Release|Any CPU
	EndGlobalSection
	GlobalSection(SolutionProperties) = preSolution
		HideSolutionNode = FALSE
	EndGlobalSection
	GlobalSection(NestedProjects) = preSolution
		{2EA41D5E-BD9E-40E3-A368-C1963CFB286F} = {10F06FB3-6F48-4320-9997-41D01DD17DAD}
		{69B06EFE-0797-4A3F-A0E9-F2A4A1A0AB74} = {73EEA6AC-1EA1-445A-A93F-F699E4B3DECE}
		{232D8DBD-E261-4016-A665-84BE35489629} = {73EEA6AC-1EA1-445A-A93F-F699E4B3DECE}
		{395E7767-0942-45DB-B9BA-5FD4B1D1BBDD} = {42A58E84-70CD-4482-8203-1E4E9E371F00}
		{7C793D8B-3EAC-43D0-AEAF-E46B6F643D6A} = {42A58E84-70CD-4482-8203-1E4E9E371F00}
		{3DB317E6-9656-4D92-A3CD-AE396D1B1B8C} = {BE21A8A2-706A-4B2A-96CE-68D4C7EF379A}
		{5C15E90A-A4A0-428F-809D-BBC975E2235C} = {BE21A8A2-706A-4B2A-96CE-68D4C7EF379A}
		{865170D1-F8BA-4E6D-B517-FE40BCB4A9FB} = {BE21A8A2-706A-4B2A-96CE-68D4C7EF379A}
		{7284F9A7-F904-41C2-9034-D083023C61C8} = {51BDC67C-4F4F-4D88-9932-A116E7A3DFBD}
		{34F0D64C-D4C6-4DD9-AFB4-951F041064BC} = {768CCCF3-5475-4105-A14A-4D4C1DDC06F2}
		{578DD37A-1889-4A97-ADB1-96BDDCE6BC2F} = {768CCCF3-5475-4105-A14A-4D4C1DDC06F2}
		{BA5AB927-A5BE-469C-A5BB-7BCF0B40CE43} = {768CCCF3-5475-4105-A14A-4D4C1DDC06F2}
		{DEB24FB5-2039-4290-9BF6-5383101A49EB} = {80215A6B-44CF-4377-95A4-78941015861C}
		{09FEC9FF-20DD-4383-BBAE-00EA972A5250} = {80215A6B-44CF-4377-95A4-78941015861C}
		{80215A6B-44CF-4377-95A4-78941015861C} = {768CCCF3-5475-4105-A14A-4D4C1DDC06F2}
		{02B8241A-1A80-4EB0-ABFE-55DC1E3E5C44} = {930AF4B9-34E7-41EE-A2E1-454DAE93BFFB}
		{85F75088-0124-4FBE-881F-7599F092E239} = {930AF4B9-34E7-41EE-A2E1-454DAE93BFFB}
		{1E8369F2-025D-481B-A4B2-DCC896C7A4F5} = {85F75088-0124-4FBE-881F-7599F092E239}
		{42E75E3B-BD4F-4B73-9D9C-21219805F31B} = {FB5F7445-40E3-4F37-B8F5-EB2A64184A33}
		{05B0C7CB-A7D6-43AC-9AA0-0DC697AECB54} = {06079A78-23DB-48B7-8388-9FF25B800BBE}
		{D3531A1B-0495-4CA3-9F42-ED662ECFB407} = {ED685B3B-5039-44E0-B959-D33FDF8A4709}
	EndGlobalSection
EndGlobal
